
Microsoft Visual Studio Solution File, Format Version 12.00
# Visual Studio 2013
VisualStudioVersion = 12.0.21005.1
MinimumVisualStudioVersion = 10.0.40219.1
Project("{FAE04EC0-301F-11D3-BF4B-00C04F79EFBC}") = "PedidosOnline", "PedidosOnline\PedidosOnline.csproj", "{CBEEDAE5-DF50-4628-8A60-B23C45B984CD}"
EndProject
Global
	GlobalSection(SolutionConfigurationPlatforms) = preSolution
		Debug|Any CPU = Debug|Any CPU
		Release|Any CPU = Release|Any CPU
	EndGlobalSection
	GlobalSection(ProjectConfigurationPlatforms) = postSolution
		{CBEEDAE5-DF50-4628-8A60-B23C45B984CD}.Debug|Any CPU.ActiveCfg = Debug|Any CPU
		{CBEEDAE5-DF50-4628-8A60-B23C45B984CD}.Debug|Any CPU.Build.0 = Debug|Any CPU
		{CBEEDAE5-DF50-4628-8A60-B23C45B984CD}.Release|Any CPU.ActiveCfg = Release|Any CPU
		{CBEEDAE5-DF50-4628-8A60-B23C45B984CD}.Release|Any CPU.Build.0 = Release|Any CPU
	EndGlobalSection
	GlobalSection(SolutionProperties) = preSolution
		HideSolutionNode = FALSE
	EndGlobalSection
EndGlobal
